<?xml version="1.0" encoding="utf-8"?>
<Project ToolsVersion="4.0" xmlns="http://schemas.microsoft.com/developer/msbuild/2003">
  <ItemGroup>
    <Filter Include="Engine">
      <UniqueIdentifier>{34558d70-1997-48da-a30e-10b7c07975fc}</UniqueIdentifier>
    </Filter>
    <Filter Include="Game">
      <UniqueIdentifier>{4FC737F1-C7A5-4376-A066-2A32D752A2FF}</UniqueIdentifier>
      <Extensions>cpp;c;cc;cxx;def;odl;idl;hpj;bat;asm;asmx</Extensions>
    </Filter>
  </ItemGroup>
  <ItemGroup>
    <ClCompile Include="main.cpp">
      <Filter>Game</Filter>
    </ClCompile>
    <ClCompile Include="TheGame.cpp">
      <Filter>Game</Filter>
    </ClCompile>
    <ClCompile Include="Camera3D.cpp">
      <Filter>Engine</Filter>
    </ClCompile>
    <ClCompile Include="stb_image.c">
      <Filter>Engine</Filter>
    </ClCompile>
    <ClCompile Include="Sprites.cpp">
      <Filter>Engine</Filter>
    </ClCompile>
    <ClCompile Include="Texture.cpp">
      <Filter>Engine</Filter>
    </ClCompile>
    <ClCompile Include="Time.cpp">
      <Filter>Engine</Filter>
    </ClCompile>
    <ClCompile Include="Entity.cpp">
      <Filter>Game</Filter>
    </ClCompile>
    <ClCompile Include="Chunk.cpp">
      <Filter>Game</Filter>
    </ClCompile>
    <ClCompile Include="Noise.cpp">
      <Filter>Engine</Filter>
    </ClCompile>
    <ClCompile Include="World.cpp">
      <Filter>Game</Filter>
    </ClCompile>
    <ClCompile Include="DebugDraw.cpp">
      <Filter>Engine</Filter>
    </ClCompile>
    <ClCompile Include="Raycast.cpp">
      <Filter>Engine</Filter>
    </ClCompile>
    <ClCompile Include="GUI.cpp">
      <Filter>Game</Filter>
    </ClCompile>
    <ClCompile Include="SkyBox.cpp">
      <Filter>Game</Filter>
    </ClCompile>
    <ClCompile Include="Player.cpp">
      <Filter>Game</Filter>
    </ClCompile>
    <ClCompile Include="Physic.cpp">
      <Filter>Engine</Filter>
    </ClCompile>
    <ClCompile Include="Arrow.cpp">
      <Filter>Game</Filter>
    </ClCompile>
    <ClCompile Include="OpenglRenderer.cpp">
      <Filter>Engine</Filter>
    </ClCompile>
    <ClCompile Include="Audio.cpp">
      <Filter>Engine</Filter>
    </ClCompile>
    <ClCompile Include="Enemy.cpp">
      <Filter>Game</Filter>
    </ClCompile>
  </ItemGroup>
  <ItemGroup>
    <ClInclude Include="TheGame.hpp">
      <Filter>Game</Filter>
    </ClInclude>
    <ClInclude Include="Camera3D.hpp">
      <Filter>Engine</Filter>
    </ClInclude>
    <ClInclude Include="Vec3.hpp">
      <Filter>Engine</Filter>
    </ClInclude>
    <ClInclude Include="Vec2.hpp">
      <Filter>Engine</Filter>
    </ClInclude>
    <ClInclude Include="Sprites.hpp">
      <Filter>Engine</Filter>
    </ClInclude>
    <ClInclude Include="Texture.hpp">
      <Filter>Engine</Filter>
    </ClInclude>
    <ClInclude Include="Time.hpp">
      <Filter>Engine</Filter>
    </ClInclude>
    <ClInclude Include="Entity.hpp">
      <Filter>Game</Filter>
    </ClInclude>
    <ClInclude Include="Noise.hpp">
      <Filter>Engine</Filter>
    </ClInclude>
    <ClInclude Include="Chunk.hpp">
      <Filter>Game</Filter>
    </ClInclude>
    <ClInclude Include="Vec4.hpp">
      <Filter>Engine</Filter>
    </ClInclude>
    <ClInclude Include="World.hpp">
      <Filter>Game</Filter>
    </ClInclude>
    <ClInclude Include="glext.h">
      <Filter>Engine</Filter>
    </ClInclude>
    <ClInclude Include="Raycast.hpp">
      <Filter>Engine</Filter>
    </ClInclude>
    <ClInclude Include="DebugDraw.hpp">
      <Filter>Engine</Filter>
    </ClInclude>
    <ClInclude Include="GUI.hpp">
      <Filter>Game</Filter>
    </ClInclude>
    <ClInclude Include="SkyBox.hpp">
      <Filter>Game</Filter>
    </ClInclude>
    <ClInclude Include="Physic.hpp">
      <Filter>Engine</Filter>
    </ClInclude>
    <ClInclude Include="Player.hpp">
      <Filter>Game</Filter>
    </ClInclude>
    <ClInclude Include="Arrow.hpp">
      <Filter>Game</Filter>
    </ClInclude>
    <ClInclude Include="OpenGLRenderer.hpp">
      <Filter>Engine</Filter>
    </ClInclude>
    <ClInclude Include="Audio.hpp">
      <Filter>Engine</Filter>
    </ClInclude>
    <ClInclude Include="Enemy.hpp">
      <Filter>Game</Filter>
    </ClInclude>
  </ItemGroup>
</Project>